
Microsoft Visual Studio Solution File, Format Version 12.00
# Visual Studio Version 16
VisualStudioVersion = 16.0.29006.145
MinimumVisualStudioVersion = 15.0.26124.0
Project("{2150E333-8FDC-42A3-9474-1A3956D46DE8}") = "src", "src", "{8FFDF555-DB50-45F9-9A2D-6410F39151C3}"
	ProjectSection(SolutionItems) = preProject
		src\Directory.Build.props = src\Directory.Build.props
		src\Directory.Build.targets = src\Directory.Build.targets
	EndProjectSection
EndProject
Project("{2150E333-8FDC-42A3-9474-1A3956D46DE8}") = "test", "test", "{DF33E0FB-9790-4654-B60F-8AB22E0CC3D1}"
	ProjectSection(SolutionItems) = preProject
		test\Directory.Build.props = test\Directory.Build.props
		test\Directory.Build.targets = test\Directory.Build.targets
	EndProjectSection
EndProject
Project("{9A19103F-16F7-4668-BE54-9A1E7A4F7556}") = ".build", ".build\.build.csproj", "{55EFAE2F-A7CA-4917-A381-4A6EF5E79610}"
EndProject
Project("{2150E333-8FDC-42A3-9474-1A3956D46DE8}") = ".build", ".build", "{E3DCB78E-EE06-4EA3-88AC-762D8910387C}"
EndProject
Project("{FAE04EC0-301F-11D3-BF4B-00C04F79EFBC}") = "Rocket.Surgery.Extensions.AutoMapper", "src\AutoMapper\Rocket.Surgery.Extensions.AutoMapper.csproj", "{9EAFFF12-F69F-4291-A41D-17BE48987A41}"
EndProject
Project("{FAE04EC0-301F-11D3-BF4B-00C04F79EFBC}") = "Rocket.Surgery.Extensions.FluentValidation", "src\FluentValidation\Rocket.Surgery.Extensions.FluentValidation.csproj", "{2A3B45F8-07AD-47A1-868B-200B3DACE788}"
EndProject
Project("{FAE04EC0-301F-11D3-BF4B-00C04F79EFBC}") = "Rocket.Surgery.AspNetCore.FluentValidation", "src\FluentValidation.AspNetCore\Rocket.Surgery.AspNetCore.FluentValidation.csproj", "{D3AA4340-91EC-4E49-9442-EE050FAFBCA5}"
EndProject
Project("{FAE04EC0-301F-11D3-BF4B-00C04F79EFBC}") = "Rocket.Surgery.AspNetCore.FluentValidation.NewtonsoftJson", "src\FluentValidation.AspNetCore.NewtonsoftJson\Rocket.Surgery.AspNetCore.FluentValidation.NewtonsoftJson.csproj", "{455662C9-0397-4BD3-90CC-C382216BBC0C}"
EndProject
Project("{FAE04EC0-301F-11D3-BF4B-00C04F79EFBC}") = "Rocket.Surgery.Extensions.MediatR", "src\MediatR\Rocket.Surgery.Extensions.MediatR.csproj", "{DCE786E8-E993-4B3E-8332-0DEFC52BEEA7}"
EndProject
Project("{FAE04EC0-301F-11D3-BF4B-00C04F79EFBC}") = "Rocket.Surgery.Operational.MediatR", "src\Operational.MediatR\Rocket.Surgery.Operational.MediatR.csproj", "{84024F90-070E-4FA1-9171-F1A6B6D32FF5}"
EndProject
Project("{FAE04EC0-301F-11D3-BF4B-00C04F79EFBC}") = "Rocket.Surgery.Operational.AspNetCore.MediatR", "src\Operational.MediatR.AspNetCore\Rocket.Surgery.Operational.AspNetCore.MediatR.csproj", "{F828BDC8-9022-44B9-B4EA-67D0964A487F}"
EndProject
Project("{FAE04EC0-301F-11D3-BF4B-00C04F79EFBC}") = "Rocket.Surgery.Extensions.AutoMapper.Tests", "test\AutoMapper.Tests\Rocket.Surgery.Extensions.AutoMapper.Tests.csproj", "{BE502F91-FC88-49BE-B519-04E120FABF58}"
EndProject
Project("{FAE04EC0-301F-11D3-BF4B-00C04F79EFBC}") = "Rocket.Surgery.Extensions.MediatR.Tests", "test\MediatR.Tests\Rocket.Surgery.Extensions.MediatR.Tests.csproj", "{98586F98-29FE-40AE-81E5-45AA5F76CA53}"
EndProject
Project("{FAE04EC0-301F-11D3-BF4B-00C04F79EFBC}") = "Rocket.Surgery.Extensions.FluentValidation.Tests", "test\FluentValidation.Tests\Rocket.Surgery.Extensions.FluentValidation.Tests.csproj", "{4AF471F6-3014-43FF-AA33-5CA7B96388AF}"
EndProject
Global
	GlobalSection(SolutionConfigurationPlatforms) = preSolution
		Debug|Any CPU = Debug|Any CPU
		Debug|x64 = Debug|x64
		Debug|x86 = Debug|x86
		Release|Any CPU = Release|Any CPU
		Release|x64 = Release|x64
		Release|x86 = Release|x86
	EndGlobalSection
	GlobalSection(ProjectConfigurationPlatforms) = postSolution
		{55EFAE2F-A7CA-4917-A381-4A6EF5E79610}.Debug|Any CPU.ActiveCfg = Debug|Any CPU
		{55EFAE2F-A7CA-4917-A381-4A6EF5E79610}.Debug|x64.ActiveCfg = Debug|Any CPU
		{55EFAE2F-A7CA-4917-A381-4A6EF5E79610}.Debug|x64.Build.0 = Debug|Any CPU
		{55EFAE2F-A7CA-4917-A381-4A6EF5E79610}.Debug|x86.ActiveCfg = Debug|Any CPU
		{55EFAE2F-A7CA-4917-A381-4A6EF5E79610}.Debug|x86.Build.0 = Debug|Any CPU
		{55EFAE2F-A7CA-4917-A381-4A6EF5E79610}.Release|Any CPU.ActiveCfg = Release|Any CPU
		{55EFAE2F-A7CA-4917-A381-4A6EF5E79610}.Release|x64.ActiveCfg = Release|Any CPU
		{55EFAE2F-A7CA-4917-A381-4A6EF5E79610}.Release|x64.Build.0 = Release|Any CPU
		{55EFAE2F-A7CA-4917-A381-4A6EF5E79610}.Release|x86.ActiveCfg = Release|Any CPU
		{55EFAE2F-A7CA-4917-A381-4A6EF5E79610}.Release|x86.Build.0 = Release|Any CPU
		{9EAFFF12-F69F-4291-A41D-17BE48987A41}.Debug|Any CPU.ActiveCfg = Debug|Any CPU
		{9EAFFF12-F69F-4291-A41D-17BE48987A41}.Debug|Any CPU.Build.0 = Debug|Any CPU
		{9EAFFF12-F69F-4291-A41D-17BE48987A41}.Debug|x64.ActiveCfg = Debug|Any CPU
		{9EAFFF12-F69F-4291-A41D-17BE48987A41}.Debug|x64.Build.0 = Debug|Any CPU
		{9EAFFF12-F69F-4291-A41D-17BE48987A41}.Debug|x86.ActiveCfg = Debug|Any CPU
		{9EAFFF12-F69F-4291-A41D-17BE48987A41}.Debug|x86.Build.0 = Debug|Any CPU
		{9EAFFF12-F69F-4291-A41D-17BE48987A41}.Release|Any CPU.ActiveCfg = Release|Any CPU
		{9EAFFF12-F69F-4291-A41D-17BE48987A41}.Release|Any CPU.Build.0 = Release|Any CPU
		{9EAFFF12-F69F-4291-A41D-17BE48987A41}.Release|x64.ActiveCfg = Release|Any CPU
		{9EAFFF12-F69F-4291-A41D-17BE48987A41}.Release|x64.Build.0 = Release|Any CPU
		{9EAFFF12-F69F-4291-A41D-17BE48987A41}.Release|x86.ActiveCfg = Release|Any CPU
		{9EAFFF12-F69F-4291-A41D-17BE48987A41}.Release|x86.Build.0 = Release|Any CPU
		{2A3B45F8-07AD-47A1-868B-200B3DACE788}.Debug|Any CPU.ActiveCfg = Debug|Any CPU
		{2A3B45F8-07AD-47A1-868B-200B3DACE788}.Debug|Any CPU.Build.0 = Debug|Any CPU
		{2A3B45F8-07AD-47A1-868B-200B3DACE788}.Debug|x64.ActiveCfg = Debug|Any CPU
		{2A3B45F8-07AD-47A1-868B-200B3DACE788}.Debug|x64.Build.0 = Debug|Any CPU
		{2A3B45F8-07AD-47A1-868B-200B3DACE788}.Debug|x86.ActiveCfg = Debug|Any CPU
		{2A3B45F8-07AD-47A1-868B-200B3DACE788}.Debug|x86.Build.0 = Debug|Any CPU
		{2A3B45F8-07AD-47A1-868B-200B3DACE788}.Release|Any CPU.ActiveCfg = Release|Any CPU
		{2A3B45F8-07AD-47A1-868B-200B3DACE788}.Release|Any CPU.Build.0 = Release|Any CPU
		{2A3B45F8-07AD-47A1-868B-200B3DACE788}.Release|x64.ActiveCfg = Release|Any CPU
		{2A3B45F8-07AD-47A1-868B-200B3DACE788}.Release|x64.Build.0 = Release|Any CPU
		{2A3B45F8-07AD-47A1-868B-200B3DACE788}.Release|x86.ActiveCfg = Release|Any CPU
		{2A3B45F8-07AD-47A1-868B-200B3DACE788}.Release|x86.Build.0 = Release|Any CPU
		{D3AA4340-91EC-4E49-9442-EE050FAFBCA5}.Debug|Any CPU.ActiveCfg = Debug|Any CPU
		{D3AA4340-91EC-4E49-9442-EE050FAFBCA5}.Debug|Any CPU.Build.0 = Debug|Any CPU
		{D3AA4340-91EC-4E49-9442-EE050FAFBCA5}.Debug|x64.ActiveCfg = Debug|Any CPU
		{D3AA4340-91EC-4E49-9442-EE050FAFBCA5}.Debug|x64.Build.0 = Debug|Any CPU
		{D3AA4340-91EC-4E49-9442-EE050FAFBCA5}.Debug|x86.ActiveCfg = Debug|Any CPU
		{D3AA4340-91EC-4E49-9442-EE050FAFBCA5}.Debug|x86.Build.0 = Debug|Any CPU
		{D3AA4340-91EC-4E49-9442-EE050FAFBCA5}.Release|Any CPU.ActiveCfg = Release|Any CPU
		{D3AA4340-91EC-4E49-9442-EE050FAFBCA5}.Release|Any CPU.Build.0 = Release|Any CPU
		{D3AA4340-91EC-4E49-9442-EE050FAFBCA5}.Release|x64.ActiveCfg = Release|Any CPU
		{D3AA4340-91EC-4E49-9442-EE050FAFBCA5}.Release|x64.Build.0 = Release|Any CPU
		{D3AA4340-91EC-4E49-9442-EE050FAFBCA5}.Release|x86.ActiveCfg = Release|Any CPU
		{D3AA4340-91EC-4E49-9442-EE050FAFBCA5}.Release|x86.Build.0 = Release|Any CPU
		{455662C9-0397-4BD3-90CC-C382216BBC0C}.Debug|Any CPU.ActiveCfg = Debug|Any CPU
		{455662C9-0397-4BD3-90CC-C382216BBC0C}.Debug|Any CPU.Build.0 = Debug|Any CPU
		{455662C9-0397-4BD3-90CC-C382216BBC0C}.Debug|x64.ActiveCfg = Debug|Any CPU
		{455662C9-0397-4BD3-90CC-C382216BBC0C}.Debug|x64.Build.0 = Debug|Any CPU
		{455662C9-0397-4BD3-90CC-C382216BBC0C}.Debug|x86.ActiveCfg = Debug|Any CPU
		{455662C9-0397-4BD3-90CC-C382216BBC0C}.Debug|x86.Build.0 = Debug|Any CPU
		{455662C9-0397-4BD3-90CC-C382216BBC0C}.Release|Any CPU.ActiveCfg = Release|Any CPU
		{455662C9-0397-4BD3-90CC-C382216BBC0C}.Release|Any CPU.Build.0 = Release|Any CPU
		{455662C9-0397-4BD3-90CC-C382216BBC0C}.Release|x64.ActiveCfg = Release|Any CPU
		{455662C9-0397-4BD3-90CC-C382216BBC0C}.Release|x64.Build.0 = Release|Any CPU
		{455662C9-0397-4BD3-90CC-C382216BBC0C}.Release|x86.ActiveCfg = Release|Any CPU
		{455662C9-0397-4BD3-90CC-C382216BBC0C}.Release|x86.Build.0 = Release|Any CPU
		{DCE786E8-E993-4B3E-8332-0DEFC52BEEA7}.Debug|Any CPU.ActiveCfg = Debug|Any CPU
		{DCE786E8-E993-4B3E-8332-0DEFC52BEEA7}.Debug|Any CPU.Build.0 = Debug|Any CPU
		{DCE786E8-E993-4B3E-8332-0DEFC52BEEA7}.Debug|x64.ActiveCfg = Debug|Any CPU
		{DCE786E8-E993-4B3E-8332-0DEFC52BEEA7}.Debug|x64.Build.0 = Debug|Any CPU
		{DCE786E8-E993-4B3E-8332-0DEFC52BEEA7}.Debug|x86.ActiveCfg = Debug|Any CPU
		{DCE786E8-E993-4B3E-8332-0DEFC52BEEA7}.Debug|x86.Build.0 = Debug|Any CPU
		{DCE786E8-E993-4B3E-8332-0DEFC52BEEA7}.Release|Any CPU.ActiveCfg = Release|Any CPU
		{DCE786E8-E993-4B3E-8332-0DEFC52BEEA7}.Release|Any CPU.Build.0 = Release|Any CPU
		{DCE786E8-E993-4B3E-8332-0DEFC52BEEA7}.Release|x64.ActiveCfg = Release|Any CPU
		{DCE786E8-E993-4B3E-8332-0DEFC52BEEA7}.Release|x64.Build.0 = Release|Any CPU
		{DCE786E8-E993-4B3E-8332-0DEFC52BEEA7}.Release|x86.ActiveCfg = Release|Any CPU
		{DCE786E8-E993-4B3E-8332-0DEFC52BEEA7}.Release|x86.Build.0 = Release|Any CPU
		{84024F90-070E-4FA1-9171-F1A6B6D32FF5}.Debug|Any CPU.ActiveCfg = Debug|Any CPU
		{84024F90-070E-4FA1-9171-F1A6B6D32FF5}.Debug|Any CPU.Build.0 = Debug|Any CPU
		{84024F90-070E-4FA1-9171-F1A6B6D32FF5}.Debug|x64.ActiveCfg = Debug|Any CPU
		{84024F90-070E-4FA1-9171-F1A6B6D32FF5}.Debug|x64.Build.0 = Debug|Any CPU
		{84024F90-070E-4FA1-9171-F1A6B6D32FF5}.Debug|x86.ActiveCfg = Debug|Any CPU
		{84024F90-070E-4FA1-9171-F1A6B6D32FF5}.Debug|x86.Build.0 = Debug|Any CPU
		{84024F90-070E-4FA1-9171-F1A6B6D32FF5}.Release|Any CPU.ActiveCfg = Release|Any CPU
		{84024F90-070E-4FA1-9171-F1A6B6D32FF5}.Release|Any CPU.Build.0 = Release|Any CPU
		{84024F90-070E-4FA1-9171-F1A6B6D32FF5}.Release|x64.ActiveCfg = Release|Any CPU
		{84024F90-070E-4FA1-9171-F1A6B6D32FF5}.Release|x64.Build.0 = Release|Any CPU
		{84024F90-070E-4FA1-9171-F1A6B6D32FF5}.Release|x86.ActiveCfg = Release|Any CPU
		{84024F90-070E-4FA1-9171-F1A6B6D32FF5}.Release|x86.Build.0 = Release|Any CPU
		{F828BDC8-9022-44B9-B4EA-67D0964A487F}.Debug|Any CPU.ActiveCfg = Debug|Any CPU
		{F828BDC8-9022-44B9-B4EA-67D0964A487F}.Debug|Any CPU.Build.0 = Debug|Any CPU
		{F828BDC8-9022-44B9-B4EA-67D0964A487F}.Debug|x64.ActiveCfg = Debug|Any CPU
		{F828BDC8-9022-44B9-B4EA-67D0964A487F}.Debug|x64.Build.0 = Debug|Any CPU
		{F828BDC8-9022-44B9-B4EA-67D0964A487F}.Debug|x86.ActiveCfg = Debug|Any CPU
		{F828BDC8-9022-44B9-B4EA-67D0964A487F}.Debug|x86.Build.0 = Debug|Any CPU
		{F828BDC8-9022-44B9-B4EA-67D0964A487F}.Release|Any CPU.ActiveCfg = Release|Any CPU
		{F828BDC8-9022-44B9-B4EA-67D0964A487F}.Release|Any CPU.Build.0 = Release|Any CPU
		{F828BDC8-9022-44B9-B4EA-67D0964A487F}.Release|x64.ActiveCfg = Release|Any CPU
		{F828BDC8-9022-44B9-B4EA-67D0964A487F}.Release|x64.Build.0 = Release|Any CPU
		{F828BDC8-9022-44B9-B4EA-67D0964A487F}.Release|x86.ActiveCfg = Release|Any CPU
		{F828BDC8-9022-44B9-B4EA-67D0964A487F}.Release|x86.Build.0 = Release|Any CPU
		{BE502F91-FC88-49BE-B519-04E120FABF58}.Debug|Any CPU.ActiveCfg = Debug|Any CPU
		{BE502F91-FC88-49BE-B519-04E120FABF58}.Debug|Any CPU.Build.0 = Debug|Any CPU
		{BE502F91-FC88-49BE-B519-04E120FABF58}.Debug|x64.ActiveCfg = Debug|Any CPU
		{BE502F91-FC88-49BE-B519-04E120FABF58}.Debug|x64.Build.0 = Debug|Any CPU
		{BE502F91-FC88-49BE-B519-04E120FABF58}.Debug|x86.ActiveCfg = Debug|Any CPU
		{BE502F91-FC88-49BE-B519-04E120FABF58}.Debug|x86.Build.0 = Debug|Any CPU
		{BE502F91-FC88-49BE-B519-04E120FABF58}.Release|Any CPU.ActiveCfg = Release|Any CPU
		{BE502F91-FC88-49BE-B519-04E120FABF58}.Release|Any CPU.Build.0 = Release|Any CPU
		{BE502F91-FC88-49BE-B519-04E120FABF58}.Release|x64.ActiveCfg = Release|Any CPU
		{BE502F91-FC88-49BE-B519-04E120FABF58}.Release|x64.Build.0 = Release|Any CPU
		{BE502F91-FC88-49BE-B519-04E120FABF58}.Release|x86.ActiveCfg = Release|Any CPU
		{BE502F91-FC88-49BE-B519-04E120FABF58}.Release|x86.Build.0 = Release|Any CPU
		{98586F98-29FE-40AE-81E5-45AA5F76CA53}.Debug|Any CPU.ActiveCfg = Debug|Any CPU
		{98586F98-29FE-40AE-81E5-45AA5F76CA53}.Debug|Any CPU.Build.0 = Debug|Any CPU
		{98586F98-29FE-40AE-81E5-45AA5F76CA53}.Debug|x64.ActiveCfg = Debug|Any CPU
		{98586F98-29FE-40AE-81E5-45AA5F76CA53}.Debug|x64.Build.0 = Debug|Any CPU
		{98586F98-29FE-40AE-81E5-45AA5F76CA53}.Debug|x86.ActiveCfg = Debug|Any CPU
		{98586F98-29FE-40AE-81E5-45AA5F76CA53}.Debug|x86.Build.0 = Debug|Any CPU
		{98586F98-29FE-40AE-81E5-45AA5F76CA53}.Release|Any CPU.ActiveCfg = Release|Any CPU
		{98586F98-29FE-40AE-81E5-45AA5F76CA53}.Release|Any CPU.Build.0 = Release|Any CPU
		{98586F98-29FE-40AE-81E5-45AA5F76CA53}.Release|x64.ActiveCfg = Release|Any CPU
		{98586F98-29FE-40AE-81E5-45AA5F76CA53}.Release|x64.Build.0 = Release|Any CPU
		{98586F98-29FE-40AE-81E5-45AA5F76CA53}.Release|x86.ActiveCfg = Release|Any CPU
		{98586F98-29FE-40AE-81E5-45AA5F76CA53}.Release|x86.Build.0 = Release|Any CPU
		{4AF471F6-3014-43FF-AA33-5CA7B96388AF}.Debug|Any CPU.ActiveCfg = Debug|Any CPU
		{4AF471F6-3014-43FF-AA33-5CA7B96388AF}.Debug|Any CPU.Build.0 = Debug|Any CPU
		{4AF471F6-3014-43FF-AA33-5CA7B96388AF}.Debug|x64.ActiveCfg = Debug|Any CPU
		{4AF471F6-3014-43FF-AA33-5CA7B96388AF}.Debug|x64.Build.0 = Debug|Any CPU
		{4AF471F6-3014-43FF-AA33-5CA7B96388AF}.Debug|x86.ActiveCfg = Debug|Any CPU
		{4AF471F6-3014-43FF-AA33-5CA7B96388AF}.Debug|x86.Build.0 = Debug|Any CPU
		{4AF471F6-3014-43FF-AA33-5CA7B96388AF}.Release|Any CPU.ActiveCfg = Release|Any CPU
		{4AF471F6-3014-43FF-AA33-5CA7B96388AF}.Release|Any CPU.Build.0 = Release|Any CPU
		{4AF471F6-3014-43FF-AA33-5CA7B96388AF}.Release|x64.ActiveCfg = Release|Any CPU
		{4AF471F6-3014-43FF-AA33-5CA7B96388AF}.Release|x64.Build.0 = Release|Any CPU
		{4AF471F6-3014-43FF-AA33-5CA7B96388AF}.Release|x86.ActiveCfg = Release|Any CPU
		{4AF471F6-3014-43FF-AA33-5CA7B96388AF}.Release|x86.Build.0 = Release|Any CPU
	EndGlobalSection
	GlobalSection(SolutionProperties) = preSolution
		HideSolutionNode = FALSE
	EndGlobalSection
	GlobalSection(NestedProjects) = preSolution
		{55EFAE2F-A7CA-4917-A381-4A6EF5E79610} = {E3DCB78E-EE06-4EA3-88AC-762D8910387C}
		{9EAFFF12-F69F-4291-A41D-17BE48987A41} = {8FFDF555-DB50-45F9-9A2D-6410F39151C3}
		{2A3B45F8-07AD-47A1-868B-200B3DACE788} = {8FFDF555-DB50-45F9-9A2D-6410F39151C3}
		{D3AA4340-91EC-4E49-9442-EE050FAFBCA5} = {8FFDF555-DB50-45F9-9A2D-6410F39151C3}
		{455662C9-0397-4BD3-90CC-C382216BBC0C} = {8FFDF555-DB50-45F9-9A2D-6410F39151C3}
		{DCE786E8-E993-4B3E-8332-0DEFC52BEEA7} = {8FFDF555-DB50-45F9-9A2D-6410F39151C3}
		{84024F90-070E-4FA1-9171-F1A6B6D32FF5} = {8FFDF555-DB50-45F9-9A2D-6410F39151C3}
		{F828BDC8-9022-44B9-B4EA-67D0964A487F} = {8FFDF555-DB50-45F9-9A2D-6410F39151C3}
		{BE502F91-FC88-49BE-B519-04E120FABF58} = {DF33E0FB-9790-4654-B60F-8AB22E0CC3D1}
		{98586F98-29FE-40AE-81E5-45AA5F76CA53} = {DF33E0FB-9790-4654-B60F-8AB22E0CC3D1}
		{4AF471F6-3014-43FF-AA33-5CA7B96388AF} = {DF33E0FB-9790-4654-B60F-8AB22E0CC3D1}
	EndGlobalSection
	GlobalSection(ExtensibilityGlobals) = postSolution
		SolutionGuid = {439897C2-CCBD-44FE-B2DC-A3E4670ADA59}
	EndGlobalSection
EndGlobal
